{
  "nodes": {
    "fleek": {
      "inputs": {
        "nixpkgs": "nixpkgs"
      },
      "locked": {
        "lastModified": 1692722171,
        "narHash": "sha256-VD/2aRN6grlrZ/elfO+AoGu9XHm51bAx5kR7ItkdnHk=",
        "owner": "ublue-os",
        "repo": "fleek",
        "rev": "adf1aaaba8520e0b187d6db7c7f987433b1af240",
        "type": "github"
      },
      "original": {
        "owner": "ublue-os",
        "repo": "fleek",
        "type": "github"
      }
    },
    "home-manager": {
      "inputs": {
        "nixpkgs": [
          "nixpkgs"
        ]
      },
      "locked": {
        "lastModified": 1693389467,
        "narHash": "sha256-CKu2gujCc1jMVqrgo0sQ5Xf/KaXIOtZUakFkBHigHCU=",
        "owner": "nix-community",
        "repo": "home-manager",
        "rev": "a7eab56be526bb0c052ffe187177268efabc4808",
        "type": "github"
      },
      "original": {
        "owner": "nix-community",
        "repo": "home-manager",
        "type": "github"
      }
    },
    "nixpkgs": {
      "locked": {
        "lastModified": 1681154110,
        "narHash": "sha256-OQwWzlzAY1dCqgSsgZzsPIOGmX4pBGaoXOy0rSl4b5Y=",
        "owner": "NixOS",
        "repo": "nixpkgs",
        "rev": "115a96e2ac1e92937cd47c30e073e16dcaaf6247",
        "type": "github"
      },
      "original": {
        "owner": "NixOS",
        "ref": "release-22.11",
        "repo": "nixpkgs",
        "type": "github"
      }
    },
    "nixpkgs_2": {
      "locked": {
        "lastModified": 1693250523,
        "narHash": "sha256-y3up5gXMTbnCsXrNEB5j+7TVantDLUYyQLu/ueiXuyg=",
        "owner": "nixos",
        "repo": "nixpkgs",
        "rev": "3efb0f6f404ec8dae31bdb1a9b17705ce0d6986e",
        "type": "github"
      },
      "original": {
        "owner": "nixos",
        "ref": "nixos-unstable",
        "repo": "nixpkgs",
        "type": "github"
      }
    },
    "root": {
      "inputs": {
        "fleek": "fleek",
        "home-manager": "home-manager",
        "nixpkgs": "nixpkgs_2"
      }
    }
  },
  "root": "root",
  "version": 7
}
